
Microsoft Visual Studio Solution File, Format Version 12.00
# Visual Studio Version 16
VisualStudioVersion = 16.0.30330.147
MinimumVisualStudioVersion = 15.0.26124.0
Project("{9A19103F-16F7-4668-BE54-9A1E7A4F7556}") = "ElegantGlamour.Core", "ElegantGlamour.Core\ElegantGlamour.Core.csproj", "{15E12E95-0D8E-42B9-B677-DE4D627E97AC}"
EndProject
Project("{9A19103F-16F7-4668-BE54-9A1E7A4F7556}") = "ElegantGlamour.Data", "ElegantGlamour.Data\ElegantGlamour.Data.csproj", "{7D2C81BA-3986-487E-B8DF-05946D8E14C5}"
EndProject
Project("{9A19103F-16F7-4668-BE54-9A1E7A4F7556}") = "ElegantGlamour.Services", "ElegantGlamour.Services\ElegantGlamour.Services.csproj", "{EA8E4D85-EE2A-46B9-A831-539263252272}"
EndProject
Project("{9A19103F-16F7-4668-BE54-9A1E7A4F7556}") = "ElegantGlamour.Api", "ElegantGlamour.Api\ElegantGlamour.Api.csproj", "{C3708991-895A-4042-A344-BF8D8167A896}"
EndProject
Project("{9A19103F-16F7-4668-BE54-9A1E7A4F7556}") = "ElegantGlamour.Tests", "ElegantGlamour.Tests\ElegantGlamour.Tests.csproj", "{F03C8A6A-8BE0-42C0-A371-D2AEA0EBFC0F}"
EndProject
Project("{2150E333-8FDC-42A3-9474-1A3956D46DE8}") = "Solution Items", "Solution Items", "{02648160-8914-44A5-ABA4-A78A208B45CE}"
	ProjectSection(SolutionItems) = preProject
		README.md = README.md
	EndProjectSection
EndProject
Global
	GlobalSection(SolutionConfigurationPlatforms) = preSolution
		Debug|Any CPU = Debug|Any CPU
		Debug|x64 = Debug|x64
		Debug|x86 = Debug|x86
		Release|Any CPU = Release|Any CPU
		Release|x64 = Release|x64
		Release|x86 = Release|x86
	EndGlobalSection
	GlobalSection(ProjectConfigurationPlatforms) = postSolution
		{15E12E95-0D8E-42B9-B677-DE4D627E97AC}.Debug|Any CPU.ActiveCfg = Debug|Any CPU
		{15E12E95-0D8E-42B9-B677-DE4D627E97AC}.Debug|Any CPU.Build.0 = Debug|Any CPU
		{15E12E95-0D8E-42B9-B677-DE4D627E97AC}.Debug|x64.ActiveCfg = Debug|Any CPU
		{15E12E95-0D8E-42B9-B677-DE4D627E97AC}.Debug|x64.Build.0 = Debug|Any CPU
		{15E12E95-0D8E-42B9-B677-DE4D627E97AC}.Debug|x86.ActiveCfg = Debug|Any CPU
		{15E12E95-0D8E-42B9-B677-DE4D627E97AC}.Debug|x86.Build.0 = Debug|Any CPU
		{15E12E95-0D8E-42B9-B677-DE4D627E97AC}.Release|Any CPU.ActiveCfg = Release|Any CPU
		{15E12E95-0D8E-42B9-B677-DE4D627E97AC}.Release|Any CPU.Build.0 = Release|Any CPU
		{15E12E95-0D8E-42B9-B677-DE4D627E97AC}.Release|x64.ActiveCfg = Release|Any CPU
		{15E12E95-0D8E-42B9-B677-DE4D627E97AC}.Release|x64.Build.0 = Release|Any CPU
		{15E12E95-0D8E-42B9-B677-DE4D627E97AC}.Release|x86.ActiveCfg = Release|Any CPU
		{15E12E95-0D8E-42B9-B677-DE4D627E97AC}.Release|x86.Build.0 = Release|Any CPU
		{7D2C81BA-3986-487E-B8DF-05946D8E14C5}.Debug|Any CPU.ActiveCfg = Debug|Any CPU
		{7D2C81BA-3986-487E-B8DF-05946D8E14C5}.Debug|Any CPU.Build.0 = Debug|Any CPU
		{7D2C81BA-3986-487E-B8DF-05946D8E14C5}.Debug|x64.ActiveCfg = Debug|Any CPU
		{7D2C81BA-3986-487E-B8DF-05946D8E14C5}.Debug|x64.Build.0 = Debug|Any CPU
		{7D2C81BA-3986-487E-B8DF-05946D8E14C5}.Debug|x86.ActiveCfg = Debug|Any CPU
		{7D2C81BA-3986-487E-B8DF-05946D8E14C5}.Debug|x86.Build.0 = Debug|Any CPU
		{7D2C81BA-3986-487E-B8DF-05946D8E14C5}.Release|Any CPU.ActiveCfg = Release|Any CPU
		{7D2C81BA-3986-487E-B8DF-05946D8E14C5}.Release|Any CPU.Build.0 = Release|Any CPU
		{7D2C81BA-3986-487E-B8DF-05946D8E14C5}.Release|x64.ActiveCfg = Release|Any CPU
		{7D2C81BA-3986-487E-B8DF-05946D8E14C5}.Release|x64.Build.0 = Release|Any CPU
		{7D2C81BA-3986-487E-B8DF-05946D8E14C5}.Release|x86.ActiveCfg = Release|Any CPU
		{7D2C81BA-3986-487E-B8DF-05946D8E14C5}.Release|x86.Build.0 = Release|Any CPU
		{EA8E4D85-EE2A-46B9-A831-539263252272}.Debug|Any CPU.ActiveCfg = Debug|Any CPU
		{EA8E4D85-EE2A-46B9-A831-539263252272}.Debug|Any CPU.Build.0 = Debug|Any CPU
		{EA8E4D85-EE2A-46B9-A831-539263252272}.Debug|x64.ActiveCfg = Debug|Any CPU
		{EA8E4D85-EE2A-46B9-A831-539263252272}.Debug|x64.Build.0 = Debug|Any CPU
		{EA8E4D85-EE2A-46B9-A831-539263252272}.Debug|x86.ActiveCfg = Debug|Any CPU
		{EA8E4D85-EE2A-46B9-A831-539263252272}.Debug|x86.Build.0 = Debug|Any CPU
		{EA8E4D85-EE2A-46B9-A831-539263252272}.Release|Any CPU.ActiveCfg = Release|Any CPU
		{EA8E4D85-EE2A-46B9-A831-539263252272}.Release|Any CPU.Build.0 = Release|Any CPU
		{EA8E4D85-EE2A-46B9-A831-539263252272}.Release|x64.ActiveCfg = Release|Any CPU
		{EA8E4D85-EE2A-46B9-A831-539263252272}.Release|x64.Build.0 = Release|Any CPU
		{EA8E4D85-EE2A-46B9-A831-539263252272}.Release|x86.ActiveCfg = Release|Any CPU
		{EA8E4D85-EE2A-46B9-A831-539263252272}.Release|x86.Build.0 = Release|Any CPU
		{C3708991-895A-4042-A344-BF8D8167A896}.Debug|Any CPU.ActiveCfg = Debug|Any CPU
		{C3708991-895A-4042-A344-BF8D8167A896}.Debug|Any CPU.Build.0 = Debug|Any CPU
		{C3708991-895A-4042-A344-BF8D8167A896}.Debug|x64.ActiveCfg = Debug|Any CPU
		{C3708991-895A-4042-A344-BF8D8167A896}.Debug|x64.Build.0 = Debug|Any CPU
		{C3708991-895A-4042-A344-BF8D8167A896}.Debug|x86.ActiveCfg = Debug|Any CPU
		{C3708991-895A-4042-A344-BF8D8167A896}.Debug|x86.Build.0 = Debug|Any CPU
		{C3708991-895A-4042-A344-BF8D8167A896}.Release|Any CPU.ActiveCfg = Release|Any CPU
		{C3708991-895A-4042-A344-BF8D8167A896}.Release|Any CPU.Build.0 = Release|Any CPU
		{C3708991-895A-4042-A344-BF8D8167A896}.Release|x64.ActiveCfg = Release|Any CPU
		{C3708991-895A-4042-A344-BF8D8167A896}.Release|x64.Build.0 = Release|Any CPU
		{C3708991-895A-4042-A344-BF8D8167A896}.Release|x86.ActiveCfg = Release|Any CPU
		{C3708991-895A-4042-A344-BF8D8167A896}.Release|x86.Build.0 = Release|Any CPU
		{F03C8A6A-8BE0-42C0-A371-D2AEA0EBFC0F}.Debug|Any CPU.ActiveCfg = Debug|Any CPU
		{F03C8A6A-8BE0-42C0-A371-D2AEA0EBFC0F}.Debug|Any CPU.Build.0 = Debug|Any CPU
		{F03C8A6A-8BE0-42C0-A371-D2AEA0EBFC0F}.Debug|x64.ActiveCfg = Debug|Any CPU
		{F03C8A6A-8BE0-42C0-A371-D2AEA0EBFC0F}.Debug|x64.Build.0 = Debug|Any CPU
		{F03C8A6A-8BE0-42C0-A371-D2AEA0EBFC0F}.Debug|x86.ActiveCfg = Debug|Any CPU
		{F03C8A6A-8BE0-42C0-A371-D2AEA0EBFC0F}.Debug|x86.Build.0 = Debug|Any CPU
		{F03C8A6A-8BE0-42C0-A371-D2AEA0EBFC0F}.Release|Any CPU.ActiveCfg = Release|Any CPU
		{F03C8A6A-8BE0-42C0-A371-D2AEA0EBFC0F}.Release|Any CPU.Build.0 = Release|Any CPU
		{F03C8A6A-8BE0-42C0-A371-D2AEA0EBFC0F}.Release|x64.ActiveCfg = Release|Any CPU
		{F03C8A6A-8BE0-42C0-A371-D2AEA0EBFC0F}.Release|x64.Build.0 = Release|Any CPU
		{F03C8A6A-8BE0-42C0-A371-D2AEA0EBFC0F}.Release|x86.ActiveCfg = Release|Any CPU
		{F03C8A6A-8BE0-42C0-A371-D2AEA0EBFC0F}.Release|x86.Build.0 = Release|Any CPU
	EndGlobalSection
	GlobalSection(SolutionProperties) = preSolution
		HideSolutionNode = FALSE
	EndGlobalSection
	GlobalSection(ExtensibilityGlobals) = postSolution
		SolutionGuid = {64A2E865-C7BA-4831-9063-22B1189078E5}
	EndGlobalSection
EndGlobal
